{
  "nodes": {
    "home-manager": {
      "inputs": {
        "nixpkgs": [
          "nixpkgs-unstable"
        ]
      },
      "locked": {
        "lastModified": 1697688028,
        "narHash": "sha256-d9CAOd9W2iTrgB31a8Dvyp6Vgn/gxASCNrD4Z9yzUOY=",
        "owner": "nix-community",
        "repo": "home-manager",
        "rev": "c5c1ea85181d2bb44e46e8a944a8a3f56ad88f19",
        "type": "github"
      },
      "original": {
        "owner": "nix-community",
        "ref": "master",
        "repo": "home-manager",
        "type": "github"
      }
    },
    "nixos-hardware": {
      "locked": {
        "lastModified": 1696614066,
        "narHash": "sha256-nAyYhO7TCr1tikacP37O9FnGr2USOsVBD3IgvndUYjM=",
        "owner": "NixOS",
        "repo": "nixos-hardware",
        "rev": "bb2db418b616fea536b1be7f6ee72fb45c11afe0",
        "type": "github"
      },
      "original": {
        "owner": "NixOS",
        "ref": "master",
        "repo": "nixos-hardware",
        "type": "github"
      }
    },
    "nixpkgs": {
      "locked": {
        "lastModified": 1685566663,
        "narHash": "sha256-btHN1czJ6rzteeCuE/PNrdssqYD2nIA4w48miQAFloM=",
        "owner": "nixos",
        "repo": "nixpkgs",
        "rev": "4ecab3273592f27479a583fb6d975d4aba3486fe",
        "type": "github"
      },
      "original": {
        "owner": "nixos",
        "ref": "23.05",
        "repo": "nixpkgs",
        "type": "github"
      }
    },
    "nixpkgs-unstable": {
      "locked": {
        "lastModified": 1696725822,
        "narHash": "sha256-B7uAOS7TkLlOg1aX01rQlYbydcyB6ZnLJSfaYbKVww8=",
        "owner": "NixOS",
        "repo": "nixpkgs",
        "rev": "5aabb5780a11c500981993d49ee93cfa6df9307b",
        "type": "github"
      },
      "original": {
        "owner": "NixOS",
        "ref": "nixpkgs-unstable",
        "repo": "nixpkgs",
        "type": "github"
      }
    },
    "root": {
      "inputs": {
        "home-manager": "home-manager",
        "nixos-hardware": "nixos-hardware",
        "nixpkgs": "nixpkgs",
        "nixpkgs-unstable": "nixpkgs-unstable"
      }
    }
  },
  "root": "root",
  "version": 7
}
